
Microsoft Visual Studio Solution File, Format Version 12.00
# Visual Studio Version 17
VisualStudioVersion = 17.8.34330.188
MinimumVisualStudioVersion = 10.0.40219.1
Project("{FAE04EC0-301F-11D3-BF4B-00C04F79EFBC}") = "hw11", "hw11\hw11.csproj", "{F5C6848E-B743-4521-B7EB-4657CABD155B}"
EndProject
Global
	GlobalSection(SolutionConfigurationPlatforms) = preSolution
		Debug|Any CPU = Debug|Any CPU
		Release|Any CPU = Release|Any CPU
	EndGlobalSection
	GlobalSection(ProjectConfigurationPlatforms) = postSolution
		{F5C6848E-B743-4521-B7EB-4657CABD155B}.Debug|Any CPU.ActiveCfg = Debug|Any CPU
		{F5C6848E-B743-4521-B7EB-4657CABD155B}.Debug|Any CPU.Build.0 = Debug|Any CPU
		{F5C6848E-B743-4521-B7EB-4657CABD155B}.Release|Any CPU.ActiveCfg = Release|Any CPU
		{F5C6848E-B743-4521-B7EB-4657CABD155B}.Release|Any CPU.Build.0 = Release|Any CPU
	EndGlobalSection
	GlobalSection(SolutionProperties) = preSolution
		HideSolutionNode = FALSE
	EndGlobalSection
	GlobalSection(ExtensibilityGlobals) = postSolution
		SolutionGuid = {518F6DA6-24BC-4186-9A93-A1AE91DA756F}
	EndGlobalSection
EndGlobal
